// !$*UTF8*$!
{
	archiveVersion = 1;
	classes = {
	};
	objectVersion = 56;
	objects = {

/* Begin PBXBuildFile section */
		070479AD296C6385008E1ADE /* DashFeature in Frameworks */ = {isa = PBXBuildFile; productRef = 070479AC296C6385008E1ADE /* DashFeature */; };
		070479AF296C6385008E1ADE /* DashRepository in Frameworks */ = {isa = PBXBuildFile; productRef = 070479AE296C6385008E1ADE /* DashRepository */; };
		070479B1296C6385008E1ADE /* DashRepositoryLive in Frameworks */ = {isa = PBXBuildFile; productRef = 070479B0296C6385008E1ADE /* DashRepositoryLive */; };
		070479B3296C6385008E1ADE /* NetworkProviders in Frameworks */ = {isa = PBXBuildFile; productRef = 070479B2296C6385008E1ADE /* NetworkProviders */; };
		0749AA88296370C500BE454E /* ForzaDashApp.swift in Sources */ = {isa = PBXBuildFile; fileRef = 0749AA82296370C400BE454E /* ForzaDashApp.swift */; };
		0749AA89296370C500BE454E /* Assets.xcassets in Resources */ = {isa = PBXBuildFile; fileRef = 0749AA83296370C400BE454E /* Assets.xcassets */; };
		0749AA8A296370C500BE454E /* Preview Assets.xcassets in Resources */ = {isa = PBXBuildFile; fileRef = 0749AA85296370C400BE454E /* Preview Assets.xcassets */; };
		0749AA8C296370D400BE454E /* ForzaDashTests.swift in Sources */ = {isa = PBXBuildFile; fileRef = 0749AA80296370C400BE454E /* ForzaDashTests.swift */; };
		074AC48B29898B3400B9DB93 /* CoreUI in Frameworks */ = {isa = PBXBuildFile; productRef = 074AC48A29898B3400B9DB93 /* CoreUI */; };
		075ECC8B296C741600C5FDB5 /* RootView.swift in Sources */ = {isa = PBXBuildFile; fileRef = 075ECC8A296C741600C5FDB5 /* RootView.swift */; };
/* End PBXBuildFile section */

/* Begin PBXContainerItemProxy section */
		079C255D2963540D00DBD90D /* PBXContainerItemProxy */ = {
			isa = PBXContainerItemProxy;
			containerPortal = 079C25442963540B00DBD90D /* Project object */;
			proxyType = 1;
			remoteGlobalIDString = 079C254B2963540B00DBD90D;
			remoteInfo = ForzaDash;
		};
/* End PBXContainerItemProxy section */

/* Begin PBXFileReference section */
		0749AA80296370C400BE454E /* ForzaDashTests.swift */ = {isa = PBXFileReference; fileEncoding = 4; lastKnownFileType = sourcecode.swift; path = ForzaDashTests.swift; sourceTree = "<group>"; };
		0749AA82296370C400BE454E /* ForzaDashApp.swift */ = {isa = PBXFileReference; fileEncoding = 4; lastKnownFileType = sourcecode.swift; path = ForzaDashApp.swift; sourceTree = "<group>"; };
		0749AA83296370C400BE454E /* Assets.xcassets */ = {isa = PBXFileReference; lastKnownFileType = folder.assetcatalog; path = Assets.xcassets; sourceTree = "<group>"; };
		0749AA85296370C400BE454E /* Preview Assets.xcassets */ = {isa = PBXFileReference; lastKnownFileType = folder.assetcatalog; path = "Preview Assets.xcassets"; sourceTree = "<group>"; };
		075ECC8A296C741600C5FDB5 /* RootView.swift */ = {isa = PBXFileReference; lastKnownFileType = sourcecode.swift; path = RootView.swift; sourceTree = "<group>"; };
		0766D66729898B0700B38F4C /* CoreUI */ = {isa = PBXFileReference; lastKnownFileType = folder; name = CoreUI; path = Modules/Sources/CoreUI; sourceTree = "<group>"; };
		079C254C2963540B00DBD90D /* App.app */ = {isa = PBXFileReference; explicitFileType = wrapper.application; includeInIndex = 0; path = App.app; sourceTree = BUILT_PRODUCTS_DIR; };
		079C255C2963540D00DBD90D /* AppTests.xctest */ = {isa = PBXFileReference; explicitFileType = wrapper.cfbundle; includeInIndex = 0; path = AppTests.xctest; sourceTree = BUILT_PRODUCTS_DIR; };
		07BE2DDA29647D4100270FF3 /* Info.plist */ = {isa = PBXFileReference; lastKnownFileType = text.plist; path = Info.plist; sourceTree = "<group>"; };
/* End PBXFileReference section */

/* Begin PBXFrameworksBuildPhase section */
		079C25492963540B00DBD90D /* Frameworks */ = {
			isa = PBXFrameworksBuildPhase;
			buildActionMask = 2147483647;
			files = (
				074AC48B29898B3400B9DB93 /* CoreUI in Frameworks */,
				070479B3296C6385008E1ADE /* NetworkProviders in Frameworks */,
				070479B1296C6385008E1ADE /* DashRepositoryLive in Frameworks */,
				070479AF296C6385008E1ADE /* DashRepository in Frameworks */,
				070479AD296C6385008E1ADE /* DashFeature in Frameworks */,
			);
			runOnlyForDeploymentPostprocessing = 0;
		};
		079C25592963540D00DBD90D /* Frameworks */ = {
			isa = PBXFrameworksBuildPhase;
			buildActionMask = 2147483647;
			files = (
			);
			runOnlyForDeploymentPostprocessing = 0;
		};
/* End PBXFrameworksBuildPhase section */

/* Begin PBXGroup section */
		0749AA7F296370C400BE454E /* AppTests */ = {
			isa = PBXGroup;
			children = (
				0749AA80296370C400BE454E /* ForzaDashTests.swift */,
			);
			path = AppTests;
			sourceTree = "<group>";
		};
		0749AA81296370C400BE454E /* App */ = {
			isa = PBXGroup;
			children = (
				07BE2DDA29647D4100270FF3 /* Info.plist */,
				0749AA82296370C400BE454E /* ForzaDashApp.swift */,
				0749AA83296370C400BE454E /* Assets.xcassets */,
				0749AA84296370C400BE454E /* Preview Content */,
				075ECC8A296C741600C5FDB5 /* RootView.swift */,
			);
			path = App;
			sourceTree = "<group>";
		};
		0749AA84296370C400BE454E /* Preview Content */ = {
			isa = PBXGroup;
			children = (
				0749AA85296370C400BE454E /* Preview Assets.xcassets */,
			);
			path = "Preview Content";
			sourceTree = "<group>";
		};
		079C25432963540B00DBD90D = {
			isa = PBXGroup;
			children = (
				0749AA81296370C400BE454E /* App */,
				0749AA7F296370C400BE454E /* AppTests */,
				079C254D2963540B00DBD90D /* Products */,
				07BE2DE029648B5100270FF3 /* Frameworks */,
			);
			sourceTree = "<group>";
		};
		079C254D2963540B00DBD90D /* Products */ = {
			isa = PBXGroup;
			children = (
				079C254C2963540B00DBD90D /* App.app */,
				079C255C2963540D00DBD90D /* AppTests.xctest */,
			);
			name = Products;
			sourceTree = "<group>";
		};
		07BE2DE029648B5100270FF3 /* Frameworks */ = {
			isa = PBXGroup;
			children = (
				0766D66729898B0700B38F4C /* CoreUI */,
			);
			name = Frameworks;
			sourceTree = "<group>";
		};
/* End PBXGroup section */

/* Begin PBXNativeTarget section */
		079C254B2963540B00DBD90D /* App */ = {
			isa = PBXNativeTarget;
			buildConfigurationList = 079C25702963540D00DBD90D /* Build configuration list for PBXNativeTarget "App" */;
			buildPhases = (
				079C25482963540B00DBD90D /* Sources */,
				079C25492963540B00DBD90D /* Frameworks */,
				079C254A2963540B00DBD90D /* Resources */,
			);
			buildRules = (
			);
			dependencies = (
			);
			name = App;
			packageProductDependencies = (
				070479AC296C6385008E1ADE /* DashFeature */,
				070479AE296C6385008E1ADE /* DashRepository */,
				070479B0296C6385008E1ADE /* DashRepositoryLive */,
				070479B2296C6385008E1ADE /* NetworkProviders */,
				074AC48A29898B3400B9DB93 /* CoreUI */,
			);
			productName = ForzaDash;
			productReference = 079C254C2963540B00DBD90D /* App.app */;
			productType = "com.apple.product-type.application";
		};
		079C255B2963540D00DBD90D /* AppTests */ = {
			isa = PBXNativeTarget;
			buildConfigurationList = 079C25732963540D00DBD90D /* Build configuration list for PBXNativeTarget "AppTests" */;
			buildPhases = (
				079C25582963540D00DBD90D /* Sources */,
				079C25592963540D00DBD90D /* Frameworks */,
				079C255A2963540D00DBD90D /* Resources */,
			);
			buildRules = (
			);
			dependencies = (
				079C255E2963540D00DBD90D /* PBXTargetDependency */,
			);
			name = AppTests;
			productName = ForzaDashTests;
			productReference = 079C255C2963540D00DBD90D /* AppTests.xctest */;
			productType = "com.apple.product-type.bundle.unit-test";
		};
/* End PBXNativeTarget section */

/* Begin PBXProject section */
		079C25442963540B00DBD90D /* Project object */ = {
			isa = PBXProject;
			attributes = {
				BuildIndependentTargetsInParallel = 1;
				LastSwiftUpdateCheck = 1420;
				LastUpgradeCheck = 1420;
				TargetAttributes = {
					079C254B2963540B00DBD90D = {
						CreatedOnToolsVersion = 14.2;
					};
					079C255B2963540D00DBD90D = {
						CreatedOnToolsVersion = 14.2;
						TestTargetID = 079C254B2963540B00DBD90D;
					};
				};
			};
			buildConfigurationList = 079C25472963540B00DBD90D /* Build configuration list for PBXProject "App" */;
			compatibilityVersion = "Xcode 14.0";
			developmentRegion = en;
			hasScannedForEncodings = 0;
			knownRegions = (
				en,
				Base,
			);
			mainGroup = 079C25432963540B00DBD90D;
			productRefGroup = 079C254D2963540B00DBD90D /* Products */;
			projectDirPath = "";
			projectRoot = "";
			targets = (
				079C254B2963540B00DBD90D /* App */,
				079C255B2963540D00DBD90D /* AppTests */,
			);
		};
/* End PBXProject section */

/* Begin PBXResourcesBuildPhase section */
		079C254A2963540B00DBD90D /* Resources */ = {
			isa = PBXResourcesBuildPhase;
			buildActionMask = 2147483647;
			files = (
				0749AA8A296370C500BE454E /* Preview Assets.xcassets in Resources */,
				0749AA89296370C500BE454E /* Assets.xcassets in Resources */,
			);
			runOnlyForDeploymentPostprocessing = 0;
		};
		079C255A2963540D00DBD90D /* Resources */ = {
			isa = PBXResourcesBuildPhase;
			buildActionMask = 2147483647;
			files = (
			);
			runOnlyForDeploymentPostprocessing = 0;
		};
/* End PBXResourcesBuildPhase section */

/* Begin PBXSourcesBuildPhase section */
		079C25482963540B00DBD90D /* Sources */ = {
			isa = PBXSourcesBuildPhase;
			buildActionMask = 2147483647;
			files = (
				075ECC8B296C741600C5FDB5 /* RootView.swift in Sources */,
				0749AA88296370C500BE454E /* ForzaDashApp.swift in Sources */,
			);
			runOnlyForDeploymentPostprocessing = 0;
		};
		079C25582963540D00DBD90D /* Sources */ = {
			isa = PBXSourcesBuildPhase;
			buildActionMask = 2147483647;
			files = (
				0749AA8C296370D400BE454E /* ForzaDashTests.swift in Sources */,
			);
			runOnlyForDeploymentPostprocessing = 0;
		};
/* End PBXSourcesBuildPhase section */

/* Begin PBXTargetDependency section */
		079C255E2963540D00DBD90D /* PBXTargetDependency */ = {
			isa = PBXTargetDependency;
			target = 079C254B2963540B00DBD90D /* App */;
			targetProxy = 079C255D2963540D00DBD90D /* PBXContainerItemProxy */;
		};
/* End PBXTargetDependency section */

/* Begin XCBuildConfiguration section */
		079C256E2963540D00DBD90D /* Debug */ = {
			isa = XCBuildConfiguration;
			buildSettings = {
				ALWAYS_SEARCH_USER_PATHS = NO;
				CLANG_ANALYZER_NONNULL = YES;
				CLANG_ANALYZER_NUMBER_OBJECT_CONVERSION = YES_AGGRESSIVE;
				CLANG_CXX_LANGUAGE_STANDARD = "gnu++20";
				CLANG_ENABLE_MODULES = YES;
				CLANG_ENABLE_OBJC_ARC = YES;
				CLANG_ENABLE_OBJC_WEAK = YES;
				CLANG_WARN_BLOCK_CAPTURE_AUTORELEASING = YES;
				CLANG_WARN_BOOL_CONVERSION = YES;
				CLANG_WARN_COMMA = YES;
				CLANG_WARN_CONSTANT_CONVERSION = YES;
				CLANG_WARN_DEPRECATED_OBJC_IMPLEMENTATIONS = YES;
				CLANG_WARN_DIRECT_OBJC_ISA_USAGE = YES_ERROR;
				CLANG_WARN_DOCUMENTATION_COMMENTS = YES;
				CLANG_WARN_EMPTY_BODY = YES;
				CLANG_WARN_ENUM_CONVERSION = YES;
				CLANG_WARN_INFINITE_RECURSION = YES;
				CLANG_WARN_INT_CONVERSION = YES;
				CLANG_WARN_NON_LITERAL_NULL_CONVERSION = YES;
				CLANG_WARN_OBJC_IMPLICIT_RETAIN_SELF = YES;
				CLANG_WARN_OBJC_LITERAL_CONVERSION = YES;
				CLANG_WARN_OBJC_ROOT_CLASS = YES_ERROR;
				CLANG_WARN_QUOTED_INCLUDE_IN_FRAMEWORK_HEADER = YES;
				CLANG_WARN_RANGE_LOOP_ANALYSIS = YES;
				CLANG_WARN_STRICT_PROTOTYPES = YES;
				CLANG_WARN_SUSPICIOUS_MOVE = YES;
				CLANG_WARN_UNGUARDED_AVAILABILITY = YES_AGGRESSIVE;
				CLANG_WARN_UNREACHABLE_CODE = YES;
				CLANG_WARN__DUPLICATE_METHOD_MATCH = YES;
				COPY_PHASE_STRIP = NO;
				DEBUG_INFORMATION_FORMAT = dwarf;
				ENABLE_STRICT_OBJC_MSGSEND = YES;
				ENABLE_TESTABILITY = YES;
				GCC_C_LANGUAGE_STANDARD = gnu11;
				GCC_DYNAMIC_NO_PIC = NO;
				GCC_NO_COMMON_BLOCKS = YES;
				GCC_OPTIMIZATION_LEVEL = 0;
				GCC_PREPROCESSOR_DEFINITIONS = (
					"DEBUG=1",
					"$(inherited)",
				);
				GCC_WARN_64_TO_32_BIT_CONVERSION = YES;
				GCC_WARN_ABOUT_RETURN_TYPE = YES_ERROR;
				GCC_WARN_UNDECLARED_SELECTOR = YES;
				GCC_WARN_UNINITIALIZED_AUTOS = YES_AGGRESSIVE;
				GCC_WARN_UNUSED_FUNCTION = YES;
				GCC_WARN_UNUSED_VARIABLE = YES;
				INFOPLIST_KEY_UIUserInterfaceStyle = Light;
				IPHONEOS_DEPLOYMENT_TARGET = 16.0;
				MTL_ENABLE_DEBUG_INFO = INCLUDE_SOURCE;
				MTL_FAST_MATH = YES;
				ONLY_ACTIVE_ARCH = YES;
				SDKROOT = iphoneos;
				SWIFT_ACTIVE_COMPILATION_CONDITIONS = DEBUG;
				SWIFT_OPTIMIZATION_LEVEL = "-Onone";
			};
			name = Debug;
		};
		079C256F2963540D00DBD90D /* Release */ = {
			isa = XCBuildConfiguration;
			buildSettings = {
				ALWAYS_SEARCH_USER_PATHS = NO;
				CLANG_ANALYZER_NONNULL = YES;
				CLANG_ANALYZER_NUMBER_OBJECT_CONVERSION = YES_AGGRESSIVE;
				CLANG_CXX_LANGUAGE_STANDARD = "gnu++20";
				CLANG_ENABLE_MODULES = YES;
				CLANG_ENABLE_OBJC_ARC = YES;
				CLANG_ENABLE_OBJC_WEAK = YES;
				CLANG_WARN_BLOCK_CAPTURE_AUTORELEASING = YES;
				CLANG_WARN_BOOL_CONVERSION = YES;
				CLANG_WARN_COMMA = YES;
				CLANG_WARN_CONSTANT_CONVERSION = YES;
				CLANG_WARN_DEPRECATED_OBJC_IMPLEMENTATIONS = YES;
				CLANG_WARN_DIRECT_OBJC_ISA_USAGE = YES_ERROR;
				CLANG_WARN_DOCUMENTATION_COMMENTS = YES;
				CLANG_WARN_EMPTY_BODY = YES;
				CLANG_WARN_ENUM_CONVERSION = YES;
				CLANG_WARN_INFINITE_RECURSION = YES;
				CLANG_WARN_INT_CONVERSION = YES;
				CLANG_WARN_NON_LITERAL_NULL_CONVERSION = YES;
				CLANG_WARN_OBJC_IMPLICIT_RETAIN_SELF = YES;
				CLANG_WARN_OBJC_LITERAL_CONVERSION = YES;
				CLANG_WARN_OBJC_ROOT_CLASS = YES_ERROR;
				CLANG_WARN_QUOTED_INCLUDE_IN_FRAMEWORK_HEADER = YES;
				CLANG_WARN_RANGE_LOOP_ANALYSIS = YES;
				CLANG_WARN_STRICT_PROTOTYPES = YES;
				CLANG_WARN_SUSPICIOUS_MOVE = YES;
				CLANG_WARN_UNGUARDED_AVAILABILITY = YES_AGGRESSIVE;
				CLANG_WARN_UNREACHABLE_CODE = YES;
				CLANG_WARN__DUPLICATE_METHOD_MATCH = YES;
				COPY_PHASE_STRIP = NO;
				DEBUG_INFORMATION_FORMAT = "dwarf-with-dsym";
				ENABLE_NS_ASSERTIONS = NO;
				ENABLE_STRICT_OBJC_MSGSEND = YES;
				GCC_C_LANGUAGE_STANDARD = gnu11;
				GCC_NO_COMMON_BLOCKS = YES;
				GCC_WARN_64_TO_32_BIT_CONVERSION = YES;
				GCC_WARN_ABOUT_RETURN_TYPE = YES_ERROR;
				GCC_WARN_UNDECLARED_SELECTOR = YES;
				GCC_WARN_UNINITIALIZED_AUTOS = YES_AGGRESSIVE;
				GCC_WARN_UNUSED_FUNCTION = YES;
				GCC_WARN_UNUSED_VARIABLE = YES;
				INFOPLIST_KEY_UIUserInterfaceStyle = Light;
				IPHONEOS_DEPLOYMENT_TARGET = 16.0;
				MTL_ENABLE_DEBUG_INFO = NO;
				MTL_FAST_MATH = YES;
				SDKROOT = iphoneos;
				SWIFT_COMPILATION_MODE = wholemodule;
				SWIFT_OPTIMIZATION_LEVEL = "-O";
				VALIDATE_PRODUCT = YES;
			};
			name = Release;
		};
		079C25712963540D00DBD90D /* Debug */ = {
			isa = XCBuildConfiguration;
			buildSettings = {
				ASSETCATALOG_COMPILER_APPICON_NAME = AppIcon;
				ASSETCATALOG_COMPILER_GLOBAL_ACCENT_COLOR_NAME = AccentColor;
				CODE_SIGN_IDENTITY = "Apple Development";
				CODE_SIGN_STYLE = Automatic;
				CURRENT_PROJECT_VERSION = 1;
				DEVELOPMENT_ASSET_PATHS = "\"App/Preview Content\"";
				DEVELOPMENT_TEAM = F9DP8D3V7J;
				ENABLE_PREVIEWS = YES;
				GENERATE_INFOPLIST_FILE = YES;
				INFOPLIST_FILE = App/Info.plist;
				INFOPLIST_KEY_LSApplicationCategoryType = "public.app-category.racing-games";
				INFOPLIST_KEY_UIApplicationSupportsIndirectInputEvents = YES;
				INFOPLIST_KEY_UILaunchScreen_Generation = YES;
				INFOPLIST_KEY_UIRequiresFullScreen = YES;
				INFOPLIST_KEY_UIStatusBarStyle = "";
				INFOPLIST_KEY_UISupportedInterfaceOrientations = UIInterfaceOrientationLandscapeRight;
				IPHONEOS_DEPLOYMENT_TARGET = 16.0;
				LD_RUNPATH_SEARCH_PATHS = (
					"$(inherited)",
					"@executable_path/Frameworks",
				);
				MARKETING_VERSION = 1.0;
				PRODUCT_BUNDLE_IDENTIFIER = com.PedroVargas1.ForzaDash;
				PRODUCT_NAME = "$(TARGET_NAME)";
				PROVISIONING_PROFILE_SPECIFIER = "";
				SWIFT_EMIT_LOC_STRINGS = YES;
				SWIFT_VERSION = 5.0;
				TARGETED_DEVICE_FAMILY = "1,2";
			};
			name = Debug;
		};
		079C25722963540D00DBD90D /* Release */ = {
			isa = XCBuildConfiguration;
			buildSettings = {
				ASSETCATALOG_COMPILER_APPICON_NAME = AppIcon;
				ASSETCATALOG_COMPILER_GLOBAL_ACCENT_COLOR_NAME = AccentColor;
				CODE_SIGN_STYLE = Automatic;
				CURRENT_PROJECT_VERSION = 1;
				DEVELOPMENT_ASSET_PATHS = "\"App/Preview Content\"";
				DEVELOPMENT_TEAM = ZSLUMCNRNL;
				ENABLE_PREVIEWS = YES;
				GENERATE_INFOPLIST_FILE = YES;
				INFOPLIST_FILE = App/Info.plist;
				INFOPLIST_KEY_LSApplicationCategoryType = "public.app-category.racing-games";
				INFOPLIST_KEY_UIApplicationSupportsIndirectInputEvents = YES;
				INFOPLIST_KEY_UILaunchScreen_Generation = YES;
				INFOPLIST_KEY_UIRequiresFullScreen = YES;
				INFOPLIST_KEY_UIStatusBarStyle = "";
				INFOPLIST_KEY_UISupportedInterfaceOrientations = UIInterfaceOrientationLandscapeRight;
				IPHONEOS_DEPLOYMENT_TARGET = 16.0;
				LD_RUNPATH_SEARCH_PATHS = (
					"$(inherited)",
					"@executable_path/Frameworks",
				);
				MARKETING_VERSION = 1.0;
				PRODUCT_BUNDLE_IDENTIFIER = com.PedroVargas.ForzaDash;
				PRODUCT_NAME = "$(TARGET_NAME)";
				SWIFT_EMIT_LOC_STRINGS = YES;
				SWIFT_VERSION = 5.0;
				TARGETED_DEVICE_FAMILY = "1,2";
			};
			name = Release;
		};
		079C25742963540D00DBD90D /* Debug */ = {
			isa = XCBuildConfiguration;
			buildSettings = {
				ALWAYS_EMBED_SWIFT_STANDARD_LIBRARIES = YES;
				BUNDLE_LOADER = "$(TEST_HOST)";
				CODE_SIGN_STYLE = Automatic;
				CURRENT_PROJECT_VERSION = 1;
				DEVELOPMENT_TEAM = ZSLUMCNRNL;
				GENERATE_INFOPLIST_FILE = YES;
				IPHONEOS_DEPLOYMENT_TARGET = 16.2;
				MARKETING_VERSION = 1.0;
				PRODUCT_BUNDLE_IDENTIFIER = com.PedroVargas.ForzaDashTests;
				PRODUCT_NAME = "$(TARGET_NAME)";
				SWIFT_EMIT_LOC_STRINGS = NO;
				SWIFT_VERSION = 5.0;
				TARGETED_DEVICE_FAMILY = "1,2";
				TEST_HOST = "$(BUILT_PRODUCTS_DIR)/App.app/$(BUNDLE_EXECUTABLE_FOLDER_PATH)/App";
			};
			name = Debug;
		};
		079C25752963540D00DBD90D /* Release */ = {
			isa = XCBuildConfiguration;
			buildSettings = {
				ALWAYS_EMBED_SWIFT_STANDARD_LIBRARIES = YES;
				BUNDLE_LOADER = "$(TEST_HOST)";
				CODE_SIGN_STYLE = Automatic;
				CURRENT_PROJECT_VERSION = 1;
				DEVELOPMENT_TEAM = ZSLUMCNRNL;
				GENERATE_INFOPLIST_FILE = YES;
				IPHONEOS_DEPLOYMENT_TARGET = 16.2;
				MARKETING_VERSION = 1.0;
				PRODUCT_BUNDLE_IDENTIFIER = com.PedroVargas.ForzaDashTests;
				PRODUCT_NAME = "$(TARGET_NAME)";
				SWIFT_EMIT_LOC_STRINGS = NO;
				SWIFT_VERSION = 5.0;
				TARGETED_DEVICE_FAMILY = "1,2";
				TEST_HOST = "$(BUILT_PRODUCTS_DIR)/App.app/$(BUNDLE_EXECUTABLE_FOLDER_PATH)/App";
			};
			name = Release;
		};
/* End XCBuildConfiguration section */

/* Begin XCConfigurationList section */
		079C25472963540B00DBD90D /* Build configuration list for PBXProject "App" */ = {
			isa = XCConfigurationList;
			buildConfigurations = (
				079C256E2963540D00DBD90D /* Debug */,
				079C256F2963540D00DBD90D /* Release */,
			);
			defaultConfigurationIsVisible = 0;
			defaultConfigurationName = Release;
		};
		079C25702963540D00DBD90D /* Build configuration list for PBXNativeTarget "App" */ = {
			isa = XCConfigurationList;
			buildConfigurations = (
				079C25712963540D00DBD90D /* Debug */,
				079C25722963540D00DBD90D /* Release */,
			);
			defaultConfigurationIsVisible = 0;
			defaultConfigurationName = Release;
		};
		079C25732963540D00DBD90D /* Build configuration list for PBXNativeTarget "AppTests" */ = {
			isa = XCConfigurationList;
			buildConfigurations = (
				079C25742963540D00DBD90D /* Debug */,
				079C25752963540D00DBD90D /* Release */,
			);
			defaultConfigurationIsVisible = 0;
			defaultConfigurationName = Release;
		};
/* End XCConfigurationList section */

/* Begin XCSwiftPackageProductDependency section */
		070479AC296C6385008E1ADE /* DashFeature */ = {
			isa = XCSwiftPackageProductDependency;
			productName = DashFeature;
		};
		070479AE296C6385008E1ADE /* DashRepository */ = {
			isa = XCSwiftPackageProductDependency;
			productName = DashRepository;
		};
		070479B0296C6385008E1ADE /* DashRepositoryLive */ = {
			isa = XCSwiftPackageProductDependency;
			productName = DashRepositoryLive;
		};
		070479B2296C6385008E1ADE /* NetworkProviders */ = {
			isa = XCSwiftPackageProductDependency;
			productName = NetworkProviders;
		};
		074AC48A29898B3400B9DB93 /* CoreUI */ = {
			isa = XCSwiftPackageProductDependency;
			productName = CoreUI;
		};
/* End XCSwiftPackageProductDependency section */
	};
	rootObject = 079C25442963540B00DBD90D /* Project object */;
}
